
Microsoft Visual Studio Solution File, Format Version 12.00
Project("{FAE04EC0-301F-11D3-BF4B-00C04F79EFBC}") = "StringPerf", "StringPerf.csproj", "{8A09EF26-6BD9-4CE2-91B1-257766C26451}"
EndProject
Global
	GlobalSection(SolutionConfigurationPlatforms) = preSolution
		Debug|Any CPU = Debug|Any CPU
		Release|Any CPU = Release|Any CPU
	EndGlobalSection
	GlobalSection(ProjectConfigurationPlatforms) = postSolution
		{8A09EF26-6BD9-4CE2-91B1-257766C26451}.Debug|Any CPU.ActiveCfg = Debug|Any CPU
		{8A09EF26-6BD9-4CE2-91B1-257766C26451}.Debug|Any CPU.Build.0 = Debug|Any CPU
		{8A09EF26-6BD9-4CE2-91B1-257766C26451}.Release|Any CPU.ActiveCfg = Release|Any CPU
		{8A09EF26-6BD9-4CE2-91B1-257766C26451}.Release|Any CPU.Build.0 = Release|Any CPU
	EndGlobalSection
EndGlobal
